<?xml version="1.0" encoding="utf-8"?>
<Project ToolsVersion="4.0" xmlns="http://schemas.microsoft.com/developer/msbuild/2003">
  <ItemGroup>
    <Filter Include="res">
    </Filter>
    <Filter Include="src">
    </Filter>
    <Filter Include="src\Factories">
      <UniqueIdentifier>{94c1735b-dbd9-4af0-b555-7616a850476f}</UniqueIdentifier>
    </Filter>
    <Filter Include="src\Renderer">
      <UniqueIdentifier>{f2b45dcf-201e-4b58-ab6f-a7808ea72443}</UniqueIdentifier>
    </Filter>
    <Filter Include="src\Renderer\House">
      <UniqueIdentifier>{9485808c-40be-4226-b8a4-a22576a94643}</UniqueIdentifier>
    </Filter>
    <Filter Include="src\Renderer\MenuElements">
      <UniqueIdentifier>{a8e583ce-e221-4c36-994d-04529fcf9547}</UniqueIdentifier>
    </Filter>
    <Filter Include="src\Renderer\MenuMain">
      <UniqueIdentifier>{de31a484-22df-4267-a435-2e63e3990753}</UniqueIdentifier>
    </Filter>
    <Filter Include="src\Renderer\Map">
      <UniqueIdentifier>{0f6fd7a6-fb2c-4b12-a00f-aece09f65461}</UniqueIdentifier>
    </Filter>
    <Filter Include="src\House">
      <UniqueIdentifier>{2536aa43-7541-4756-bb01-195822ff3bc1}</UniqueIdentifier>
    </Filter>
    <Filter Include="src\TriggerCore">
      <UniqueIdentifier>{5efdf78f-7bf5-4131-8941-0e17377f1e9b}</UniqueIdentifier>
    </Filter>
    <Filter Include="src\TriggerCore\StateListener">
      <UniqueIdentifier>{88de8ff4-d36d-443b-9a3b-92ac07342a38}</UniqueIdentifier>
    </Filter>
    <Filter Include="src\TriggerCore\StateTrigger">
      <UniqueIdentifier>{ad6d88d6-651c-425a-a072-24c940ae2621}</UniqueIdentifier>
    </Filter>
  </ItemGroup>
  <ItemGroup>
    <None Include="game.config" />
    <None Include="icon.png" />
    <None Include="bar-descriptor.xml" />
    <None Include="res\box.fbx">
      <Filter>res</Filter>
    </None>
    <None Include="res\box.gpb">
      <Filter>res</Filter>
    </None>
    <None Include="res\box.material">
      <Filter>res</Filter>
    </None>
    <None Include="res\colored.frag">
      <Filter>res</Filter>
    </None>
    <None Include="res\colored.vert">
      <Filter>res</Filter>
    </None>
    <None Include="ClassDiagram.cd" />
  </ItemGroup>
  <ItemGroup>
    <ClCompile Include="src\factories\HouseFactory.cpp">
      <Filter>src\Factories</Filter>
    </ClCompile>
    <ClCompile Include="src\factories\RoomFactory.cpp">
      <Filter>src\Factories</Filter>
    </ClCompile>
    <ClCompile Include="src\Flags.cpp">
      <Filter>src</Filter>
    </ClCompile>
    <ClCompile Include="src\HTBaL.cpp">
      <Filter>src</Filter>
    </ClCompile>
    <ClCompile Include="src\KeyFlags.cpp">
      <Filter>src</Filter>
    </ClCompile>
    <ClCompile Include="src\MaterialManager.cpp">
      <Filter>src</Filter>
    </ClCompile>
    <ClCompile Include="src\renderer\Renderer.cpp">
      <Filter>src\Renderer</Filter>
    </ClCompile>
    <ClCompile Include="src\renderer\house\HouseMenuWheel.cpp">
      <Filter>src\Renderer\House</Filter>
    </ClCompile>
    <ClCompile Include="src\renderer\house\HouseRenderer.cpp">
      <Filter>src\Renderer\House</Filter>
    </ClCompile>
    <ClCompile Include="src\renderer\menuelements\MenuWheel.cpp">
      <Filter>src\Renderer\MenuElements</Filter>
    </ClCompile>
    <ClCompile Include="src\renderer\menuelements\MenuWheelPart.cpp">
      <Filter>src\Renderer\MenuElements</Filter>
    </ClCompile>
    <ClCompile Include="src\renderer\menumain\MainMenuWheel.cpp">
      <Filter>src\Renderer\MenuMain</Filter>
    </ClCompile>
    <ClCompile Include="src\renderer\menumain\MenuMainRenderer.cpp">
      <Filter>src\Renderer\MenuMain</Filter>
    </ClCompile>
    <ClCompile Include="src\renderer\map\MapRenderer.cpp">
      <Filter>src\Renderer\Map</Filter>
    </ClCompile>
    <ClCompile Include="src\house\Floor.cpp">
      <Filter>src\House</Filter>
    </ClCompile>
    <ClCompile Include="src\house\House.cpp">
      <Filter>src\House</Filter>
    </ClCompile>
    <ClCompile Include="src\house\Room.cpp">
      <Filter>src\House</Filter>
    </ClCompile>
    <ClCompile Include="src\house\Wall.cpp">
      <Filter>src\House</Filter>
    </ClCompile>
    <ClCompile Include="src\triggercore\StateManager.cpp">
      <Filter>src\TriggerCore</Filter>
    </ClCompile>
    <ClCompile Include="src\triggercore\StateTrigger.cpp">
      <Filter>src\TriggerCore</Filter>
    </ClCompile>
    <ClCompile Include="src\triggercore\StateListener.cpp">
      <Filter>src\TriggerCore</Filter>
    </ClCompile>
    <ClCompile Include="src\triggercore\Value.cpp">
      <Filter>src\TriggerCore</Filter>
    </ClCompile>
    <ClCompile Include="src\statelistener\AchievementStateListener.cpp">
      <Filter>src\TriggerCore\StateListener</Filter>
    </ClCompile>
  </ItemGroup>
  <ItemGroup>
    <ClInclude Include="src\factories\HouseFactory.h">
      <Filter>src\Factories</Filter>
    </ClInclude>
    <ClInclude Include="src\factories\RoomFactory.h">
      <Filter>src\Factories</Filter>
    </ClInclude>
    <ClInclude Include="src\Flags.h">
      <Filter>src</Filter>
    </ClInclude>
    <ClInclude Include="src\HTBaL.h">
      <Filter>src</Filter>
    </ClInclude>
    <ClInclude Include="src\KeyFlags.h">
      <Filter>src</Filter>
    </ClInclude>
    <ClInclude Include="src\MaterialManager.h">
      <Filter>src</Filter>
    </ClInclude>
    <ClInclude Include="src\renderer\Renderer.h">
      <Filter>src\Renderer</Filter>
    </ClInclude>
    <ClInclude Include="src\renderer\house\HouseMenuWheel.h">
      <Filter>src\Renderer\House</Filter>
    </ClInclude>
    <ClInclude Include="src\renderer\house\HouseRenderer.h">
      <Filter>src\Renderer\House</Filter>
    </ClInclude>
    <ClInclude Include="src\renderer\menuelements\MenuWheel.h">
      <Filter>src\Renderer\MenuElements</Filter>
    </ClInclude>
    <ClInclude Include="src\renderer\menuelements\MenuWheelPart.h">
      <Filter>src\Renderer\MenuElements</Filter>
    </ClInclude>
    <ClInclude Include="src\renderer\menumain\MainMenuWheel.h">
      <Filter>src\Renderer\MenuMain</Filter>
    </ClInclude>
    <ClInclude Include="src\renderer\menumain\MenuMainRenderer.h">
      <Filter>src\Renderer\MenuMain</Filter>
    </ClInclude>
    <ClInclude Include="src\renderer\map\MapRenderer.h">
      <Filter>src\Renderer\Map</Filter>
    </ClInclude>
    <ClInclude Include="src\house\Floor.h">
      <Filter>src\House</Filter>
    </ClInclude>
    <ClInclude Include="src\house\House.h">
      <Filter>src\House</Filter>
    </ClInclude>
    <ClInclude Include="src\house\Room.h">
      <Filter>src\House</Filter>
    </ClInclude>
    <ClInclude Include="src\house\Wall.h">
      <Filter>src\House</Filter>
    </ClInclude>
    <ClInclude Include="src\triggercore\StateManager.h">
      <Filter>src\TriggerCore</Filter>
    </ClInclude>
    <ClInclude Include="src\triggercore\StateTrigger.h">
      <Filter>src\TriggerCore</Filter>
    </ClInclude>
    <ClInclude Include="src\triggercore\StateListener.h">
      <Filter>src\TriggerCore</Filter>
    </ClInclude>
    <ClInclude Include="src\triggercore\Value.h">
      <Filter>src\TriggerCore</Filter>
    </ClInclude>
  </ItemGroup>
</Project>